{
    "_meta": {
        "hash": {
            "sha256": "bf521feb9a630f51d393c0b42f2f720918280e0976f91dd98954068f5e7e3c1a"
        },
        "pipfile-spec": 6,
        "requires": {
            "python_version": "3.8"
        },
        "sources": [
            {
                "name": "pypi",
                "url": "https://pypi.org/simple",
                "verify_ssl": true
            }
        ]
    },
    "default": {
        "altgraph": {
            "hashes": [
                "sha256:743628f2ac6a7c26f5d9223c91ed8ecbba535f506f4b6f558885a8a56a105857",
                "sha256:ebf2269361b47d97b3b88e696439f6e4cbc607c17c51feb1754f90fb79839158"
            ],
            "version": "==0.17.2"
        },
        "et-xmlfile": {
            "hashes": [
                "sha256:8eb9e2bc2f8c97e37a2dc85a09ecdcdec9d8a396530a6d5a33b30b9a92da0c5c",
                "sha256:a2ba85d1d6a74ef63837eed693bcb89c3f752169b0e3e7ae5b16ca5e1b3deada"
            ],
            "markers": "python_version >= '3.6'",
            "version": "==1.1.0"
        },
        "jdcal": {
            "hashes": [
                "sha256:1abf1305fce18b4e8aa248cf8fe0c56ce2032392bc64bbd61b5dff2a19ec8bba",
                "sha256:472872e096eb8df219c23f2689fc336668bdb43d194094b5cc1707e1640acfc8"
            ],
            "version": "==1.4.1"
        },
        "numpy": {
            "hashes": [
                "sha256:0cfe07133fd00b27edee5e6385e333e9eeb010607e8a46e1cd673f05f8596595",
                "sha256:11a1f3816ea82eed4178102c56281782690ab5993251fdfd75039aad4d20385f",
                "sha256:2762331de395739c91f1abb88041f94a080cb1143aeec791b3b223976228af3f",
                "sha256:283d9de87c0133ef98f93dfc09fad3fb382f2a15580de75c02b5bb36a5a159a5",
                "sha256:3d22662b4b10112c545c91a0741f2436f8ca979ab3d69d03d19322aa970f9695",
                "sha256:41388e32e40b41dd56eb37fcaa7488b2b47b0adf77c66154d6b89622c110dfe9",
                "sha256:42c16cec1c8cf2728f1d539bd55aaa9d6bb48a7de2f41eb944697293ef65a559",
                "sha256:47ee7a839f5885bc0c63a74aabb91f6f40d7d7b639253768c4199b37aede7982",
                "sha256:5a311ee4d983c487a0ab546708edbdd759393a3dc9cd30305170149fedd23c88",
                "sha256:5dc65644f75a4c2970f21394ad8bea1a844104f0fe01f278631be1c7eae27226",
                "sha256:6ed0d073a9c54ac40c41a9c2d53fcc3d4d4ed607670b9e7b0de1ba13b4cbfe6f",
                "sha256:76ba7c40e80f9dc815c5e896330700fd6e20814e69da9c1267d65a4d051080f1",
                "sha256:818b9be7900e8dc23e013a92779135623476f44a0de58b40c32a15368c01d471",
                "sha256:a024181d7aef0004d76fb3bce2a4c9f2e67a609a9e2a6ff2571d30e9976aa383",
                "sha256:a955e4128ac36797aaffd49ab44ec74a71c11d6938df83b1285492d277db5397",
                "sha256:a97a954a8c2f046d3817c2bce16e3c7e9a9c2afffaf0400f5c16df5172a67c9c",
                "sha256:a97e82c39d9856fe7d4f9b86d8a1e66eff99cf3a8b7ba48202f659703d27c46f",
                "sha256:b55b953a1bdb465f4dc181758570d321db4ac23005f90ffd2b434cc6609a63dd",
                "sha256:bb02929b0d6bfab4c48a79bd805bd7419114606947ec8284476167415171f55b",
                "sha256:bece0a4a49e60e472a6d1f70ac6cdea00f9ab80ff01132f96bd970cdd8a9e5a9",
                "sha256:e41e8951749c4b5c9a2dc5fdbc1a4eec6ab2a140fdae9b460b0f557eed870f4d",
                "sha256:f71d57cc8645f14816ae249407d309be250ad8de93ef61d9709b45a0ddf4050c"
            ],
            "index": "pypi",
            "version": "==1.22.0"
        },
        "openpyxl": {
            "hashes": [
                "sha256:1a4b3869c2500b5c713e8e28341cdada49ecfcff1b10cd9006945f5bcefc090d",
                "sha256:b229112b46e158b910a5d1b270b212c42773d39cab24e8db527f775b82afc041"
            ],
            "index": "pypi",
            "version": "==3.0.6"
        },
        "pandas": {
            "hashes": [
                "sha256:0be6102dd99910513e75ed6536284743ead810349c51bdeadd2a5b6649f30abb",
                "sha256:272675a98fa4954b9fc0933df775596fc942e50015d7e75d8f19548808a2bfdf",
                "sha256:2d8b4f532db37418121831a461fd107d826c240b098f52e7a1b4ab3d5aaa4fb2",
                "sha256:33318fa24b192b1a4684347ff76679a7267fd4e547da9f71556a5914f0dc10e7",
                "sha256:3bc6d2be03cb75981d8cbeda09503cd9d6d699fc0dc28a65e197165ad527b7b8",
                "sha256:43482789c55cbabeed9482263cfc98a11e8fcae900cb63ef038948acb4a72570",
                "sha256:616478c1bd8fe1e600f521ae2da434e021c11e7a4e5da3451d02906143d3629a",
                "sha256:6c1a57e4d0d6f9633a07817c44e6b36d81c265fe4c52d0c0505513a2d0f7953c",
                "sha256:7904ee438549b5223ce8dc008772458dd7c5cf0ccc64cf903e81202400702235",
                "sha256:7b54c14130a3448d81eed1348f52429c23e27188d9db6e6d4afeae792bc49c11",
                "sha256:8f92b07cdbfa3704d85b4264e52c216cafe6c0059b0d07cdad8cb29e0b90f2b8",
                "sha256:91fd0b94e7b98528177a05e6f65efea79d7ef9dec15ee48c7c69fc39fdd87235",
                "sha256:9c6692cea6d56da8650847172bdb148622f545e7782d17995822434c79d7a211",
                "sha256:9e18631d996fe131de6cb31a8bdae18965cc8f39eb23fdfbbf42808ecc63dabf",
                "sha256:cba93d4fd3b0a42858b2b599495aff793fb5d94587979f45a14177d1217ba446",
                "sha256:e03386615b970b8b41da6a68afe717626741bb2431cec993640685614c0680e4",
                "sha256:f8b87d2f541cd9bc4ecfe85a561abac85c33fe4de4ce70cca36b2768af2611f5"
            ],
            "index": "pypi",
            "version": "==1.2.0"
        },
        "pyinstaller": {
            "hashes": [
                "sha256:f5c0eeb2aa663cce9a5404292c0195011fa500a6501c873a466b2e8cad3c950c"
            ],
            "index": "pypi",
            "version": "==4.2"
        },
        "pyinstaller-hooks-contrib": {
            "hashes": [
                "sha256:5fdb97dcae177955db7ab27840cba97b89dc0c7f4fd9142bba0f9b8d8df85c48",
                "sha256:6675634279cfe9e475580fb310c3d557037baefb065e6cb5a69a124361b926fd"
            ],
            "markers": "python_version >= '3.7'",
            "version": "==2022.7"
        },
        "pyqt5": {
            "hashes": [
                "sha256:29889845688a54d62820585ad5b2e0200a36b304ff3d7a555e95599f110ba4ce",
                "sha256:372b08dc9321d1201e4690182697c5e7ffb2e0770e6b4a45519025134b12e4fc",
                "sha256:894ca4ae767a8d6cf5903784b71f755073c78cb8c167eecf6e4ed6b3b055ac6a",
                "sha256:ea24f24b7679bf393dd2e4f53fe0ce65021be18304c1ff7a226c2fc5c356d0da",
                "sha256:faaecb76ec65e12673a968e7f5bc02495957e6996f0a3fa0d98895f9e4113746"
            ],
            "index": "pypi",
            "version": "==5.15.2"
        },
        "pyqt5-sip": {
            "hashes": [
                "sha256:0f77655c62ec91d47c2c99143f248624d44dd2d8a12d016e7c020508ad418aca",
                "sha256:205f3e1b3eea3597d8e878936c1a06e04bd23a59e8b179ee806465d72eea3071",
                "sha256:3126c84568ab341c12e46ded2230f62a9a78752a70fdab13713f89a71cd44f73",
                "sha256:4031547dfb679be309094bfa79254f5badc5ddbe66b9ad38e319d84a7d612443",
                "sha256:42320e7a94b1085ed85d49794ed4ccfe86f1cae80b44a894db908a8aba2bc60e",
                "sha256:4e5c1559311515291ea0ab0635529f14536954e3b973a7c7890ab7e4de1c2c23",
                "sha256:51e377789d59196213eddf458e6927f33ba9d217b614d17d20df16c9a8b2c41c",
                "sha256:686071be054e5be6ca5aaaef7960931d4ba917277e839e2e978c7cbe3f43bb6e",
                "sha256:9bca450c5306890cb002fe36bbca18f979dd9e5b810b766dce8e3ce5e66ba795",
                "sha256:a80dde8bfabbfb525883f35c8023df04ba6c62006ef5c8abeb52d3947284751c",
                "sha256:ad21ca0ee8cae2a41b61fc04949dccfab6fe008749627d94e8c7078cb7a73af1",
                "sha256:b4710fd85b57edef716cc55fae45bfd5bfac6fc7ba91036f1dcc3f331ca0eb39",
                "sha256:b69a1911f768b489846335e31e49eb34795c6b5a038ca24d894d751e3b0b44da",
                "sha256:d12b81c3a08abf7657a2ebc7d3649852a1f327eb2146ebadf45930486d32e920",
                "sha256:ec5e9ef78852e1f96f86d7e15c9215878422b83dde36d44f1539a3062942f19c",
                "sha256:f1f9e312ff8284d6dfebc5366f6f7d103f84eec23a4da0be0482403933e68660",
                "sha256:f6b72035da4e8fecbb0bc4a972e30a5674a9ad5608dbddaa517e983782dbf3bf"
            ],
            "markers": "python_version >= '3.7'",
            "version": "==12.11.0"
        },
        "pyqt5-stubs": {
            "hashes": [
                "sha256:b1a84b12bbeed74d95cc7fb4fd2df0a6711bd43e9a2651e552c83930c7b81638"
            ],
            "index": "pypi",
            "version": "==5.14.2.2"
        },
        "python-dateutil": {
            "hashes": [
                "sha256:0123cacc1627ae19ddf3c27a5de5bd67ee4586fbdd6440d9748f8abb483d3e86",
                "sha256:961d03dc3453ebbc59dbdea9e4e11c5651520a876d0f4db161e8674aae935da9"
            ],
            "markers": "python_version >= '2.7' and python_version not in '3.0, 3.1, 3.2, 3.3'",
            "version": "==2.8.2"
        },
        "pytz": {
            "hashes": [
                "sha256:1e760e2fe6a8163bc0b3d9a19c4f84342afa0a2affebfaa84b01b978a02ecaa7",
                "sha256:e68985985296d9a66a881eb3193b0906246245294a881e7c8afe623866ac6a5c"
            ],
            "version": "==2022.1"
        },
        "setuptools": {
            "hashes": [
                "sha256:990a4f7861b31532871ab72331e755b5f14efbe52d336ea7f6118144dd478741",
                "sha256:c1848f654aea2e3526d17fc3ce6aeaa5e7e24e66e645b5be2171f3f6b4e5a178"
            ],
            "markers": "python_version >= '3.7'",
            "version": "==62.6.0"
        },
        "six": {
            "hashes": [
                "sha256:1e61c37477a1626458e36f7b1d82aa5c9b094fa4802892072e49de9c60c4c926",
                "sha256:8abb2f1d86890a2dfb989f9a77cfcfd3e47c2a354b01111771326f8aa26e0254"
            ],
            "markers": "python_version >= '2.7' and python_version not in '3.0, 3.1, 3.2, 3.3'",
            "version": "==1.16.0"
        },
        "xlrd": {
            "hashes": [
                "sha256:6a33ee89877bd9abc1158129f6e94be74e2679636b8a205b43b85206c3f0bbdd",
                "sha256:f72f148f54442c6b056bf931dbc34f986fd0c3b0b6b5a58d013c9aef274d0c88"
            ],
            "index": "pypi",
            "version": "==2.0.1"
        },
        "xlsxwriter": {
            "hashes": [
                "sha256:9b1ade2d1ba5d9b40a6d1de1d55ded4394ab8002718092ae80a08532c2add2e6",
                "sha256:b807c2d3e379bf6a925f472955beef3e07495c1bac708640696876e68675b49b"
            ],
            "index": "pypi",
            "version": "==1.3.7"
        }
    },
    "develop": {}
}
